
Microsoft Visual Studio Solution File, Format Version 12.00
# Visual Studio Version 17
VisualStudioVersion = 17.2.32505.173
MinimumVisualStudioVersion = 10.0.40219.1
Project("{FAE04EC0-301F-11D3-BF4B-00C04F79EFBC}") = "BurgerPlusManagementSystem", "BurgerPlusManagementSystem.csproj", "{7E1B1463-FAB4-4483-8AA9-C9C03A928658}"
EndProject
Global
	GlobalSection(SolutionConfigurationPlatforms) = preSolution
		Debug|Any CPU = Debug|Any CPU
		Release|Any CPU = Release|Any CPU
	EndGlobalSection
	GlobalSection(ProjectConfigurationPlatforms) = postSolution
		{7E1B1463-FAB4-4483-8AA9-C9C03A928658}.Debug|Any CPU.ActiveCfg = Debug|Any CPU
		{7E1B1463-FAB4-4483-8AA9-C9C03A928658}.Debug|Any CPU.Build.0 = Debug|Any CPU
		{7E1B1463-FAB4-4483-8AA9-C9C03A928658}.Release|Any CPU.ActiveCfg = Release|Any CPU
		{7E1B1463-FAB4-4483-8AA9-C9C03A928658}.Release|Any CPU.Build.0 = Release|Any CPU
	EndGlobalSection
	GlobalSection(SolutionProperties) = preSolution
		HideSolutionNode = FALSE
	EndGlobalSection
	GlobalSection(ExtensibilityGlobals) = postSolution
		SolutionGuid = {0942722D-ACAE-438A-BEBD-7EDF3639D3E9}
	EndGlobalSection
EndGlobal
